
Microsoft Visual Studio Solution File, Format Version 12.00
# Visual Studio 14
VisualStudioVersion = 14.0.25420.1
MinimumVisualStudioVersion = 10.0.40219.1
Project("{FAE04EC0-301F-11D3-BF4B-00C04F79EFBC}") = "CheckTickets.Android", "CheckTickets\CheckTickets.Android\CheckTickets.Android.csproj", "{213AEE87-9C7B-4ECC-9457-86CFCEDAF1F5}"
EndProject
Project("{FAE04EC0-301F-11D3-BF4B-00C04F79EFBC}") = "CheckTickets", "CheckTickets\CheckTickets\CheckTickets.csproj", "{85CA8D80-3FF8-4081-B069-B6A217A68E00}"
EndProject
Project("{FAE04EC0-301F-11D3-BF4B-00C04F79EFBC}") = "CheckTickets.UWP", "CheckTickets\CheckTickets.UWP\CheckTickets.UWP.csproj", "{344A0495-BBDE-4651-A7DD-A8E1648EE942}"
EndProject
Project("{FAE04EC0-301F-11D3-BF4B-00C04F79EFBC}") = "CheckTickets.iOS", "CheckTickets\CheckTickets.iOS\CheckTickets.iOS.csproj", "{C324913A-03D8-4ED9-B214-C22FFA4E5DF1}"
EndProject
Global
	GlobalSection(SolutionConfigurationPlatforms) = preSolution
		Ad-Hoc|Any CPU = Ad-Hoc|Any CPU
		Ad-Hoc|ARM = Ad-Hoc|ARM
		Ad-Hoc|iPhone = Ad-Hoc|iPhone
		Ad-Hoc|iPhoneSimulator = Ad-Hoc|iPhoneSimulator
		Ad-Hoc|x64 = Ad-Hoc|x64
		Ad-Hoc|x86 = Ad-Hoc|x86
		AppStore|Any CPU = AppStore|Any CPU
		AppStore|ARM = AppStore|ARM
		AppStore|iPhone = AppStore|iPhone
		AppStore|iPhoneSimulator = AppStore|iPhoneSimulator
		AppStore|x64 = AppStore|x64
		AppStore|x86 = AppStore|x86
		Debug|Any CPU = Debug|Any CPU
		Debug|ARM = Debug|ARM
		Debug|iPhone = Debug|iPhone
		Debug|iPhoneSimulator = Debug|iPhoneSimulator
		Debug|x64 = Debug|x64
		Debug|x86 = Debug|x86
		Release|Any CPU = Release|Any CPU
		Release|ARM = Release|ARM
		Release|iPhone = Release|iPhone
		Release|iPhoneSimulator = Release|iPhoneSimulator
		Release|x64 = Release|x64
		Release|x86 = Release|x86
	EndGlobalSection
	GlobalSection(ProjectConfigurationPlatforms) = postSolution
		{213AEE87-9C7B-4ECC-9457-86CFCEDAF1F5}.Ad-Hoc|Any CPU.ActiveCfg = Release|Any CPU
		{213AEE87-9C7B-4ECC-9457-86CFCEDAF1F5}.Ad-Hoc|Any CPU.Build.0 = Release|Any CPU
		{213AEE87-9C7B-4ECC-9457-86CFCEDAF1F5}.Ad-Hoc|Any CPU.Deploy.0 = Release|Any CPU
		{213AEE87-9C7B-4ECC-9457-86CFCEDAF1F5}.Ad-Hoc|ARM.ActiveCfg = Release|Any CPU
		{213AEE87-9C7B-4ECC-9457-86CFCEDAF1F5}.Ad-Hoc|ARM.Build.0 = Release|Any CPU
		{213AEE87-9C7B-4ECC-9457-86CFCEDAF1F5}.Ad-Hoc|ARM.Deploy.0 = Release|Any CPU
		{213AEE87-9C7B-4ECC-9457-86CFCEDAF1F5}.Ad-Hoc|iPhone.ActiveCfg = Release|Any CPU
		{213AEE87-9C7B-4ECC-9457-86CFCEDAF1F5}.Ad-Hoc|iPhone.Build.0 = Release|Any CPU
		{213AEE87-9C7B-4ECC-9457-86CFCEDAF1F5}.Ad-Hoc|iPhone.Deploy.0 = Release|Any CPU
		{213AEE87-9C7B-4ECC-9457-86CFCEDAF1F5}.Ad-Hoc|iPhoneSimulator.ActiveCfg = Release|Any CPU
		{213AEE87-9C7B-4ECC-9457-86CFCEDAF1F5}.Ad-Hoc|iPhoneSimulator.Build.0 = Release|Any CPU
		{213AEE87-9C7B-4ECC-9457-86CFCEDAF1F5}.Ad-Hoc|iPhoneSimulator.Deploy.0 = Release|Any CPU
		{213AEE87-9C7B-4ECC-9457-86CFCEDAF1F5}.Ad-Hoc|x64.ActiveCfg = Release|Any CPU
		{213AEE87-9C7B-4ECC-9457-86CFCEDAF1F5}.Ad-Hoc|x64.Build.0 = Release|Any CPU
		{213AEE87-9C7B-4ECC-9457-86CFCEDAF1F5}.Ad-Hoc|x64.Deploy.0 = Release|Any CPU
		{213AEE87-9C7B-4ECC-9457-86CFCEDAF1F5}.Ad-Hoc|x86.ActiveCfg = Release|Any CPU
		{213AEE87-9C7B-4ECC-9457-86CFCEDAF1F5}.Ad-Hoc|x86.Build.0 = Release|Any CPU
		{213AEE87-9C7B-4ECC-9457-86CFCEDAF1F5}.Ad-Hoc|x86.Deploy.0 = Release|Any CPU
		{213AEE87-9C7B-4ECC-9457-86CFCEDAF1F5}.AppStore|Any CPU.ActiveCfg = Release|Any CPU
		{213AEE87-9C7B-4ECC-9457-86CFCEDAF1F5}.AppStore|Any CPU.Build.0 = Release|Any CPU
		{213AEE87-9C7B-4ECC-9457-86CFCEDAF1F5}.AppStore|Any CPU.Deploy.0 = Release|Any CPU
		{213AEE87-9C7B-4ECC-9457-86CFCEDAF1F5}.AppStore|ARM.ActiveCfg = Release|Any CPU
		{213AEE87-9C7B-4ECC-9457-86CFCEDAF1F5}.AppStore|ARM.Build.0 = Release|Any CPU
		{213AEE87-9C7B-4ECC-9457-86CFCEDAF1F5}.AppStore|ARM.Deploy.0 = Release|Any CPU
		{213AEE87-9C7B-4ECC-9457-86CFCEDAF1F5}.AppStore|iPhone.ActiveCfg = Release|Any CPU
		{213AEE87-9C7B-4ECC-9457-86CFCEDAF1F5}.AppStore|iPhone.Build.0 = Release|Any CPU
		{213AEE87-9C7B-4ECC-9457-86CFCEDAF1F5}.AppStore|iPhone.Deploy.0 = Release|Any CPU
		{213AEE87-9C7B-4ECC-9457-86CFCEDAF1F5}.AppStore|iPhoneSimulator.ActiveCfg = Release|Any CPU
		{213AEE87-9C7B-4ECC-9457-86CFCEDAF1F5}.AppStore|iPhoneSimulator.Build.0 = Release|Any CPU
		{213AEE87-9C7B-4ECC-9457-86CFCEDAF1F5}.AppStore|iPhoneSimulator.Deploy.0 = Release|Any CPU
		{213AEE87-9C7B-4ECC-9457-86CFCEDAF1F5}.AppStore|x64.ActiveCfg = Release|Any CPU
		{213AEE87-9C7B-4ECC-9457-86CFCEDAF1F5}.AppStore|x64.Build.0 = Release|Any CPU
		{213AEE87-9C7B-4ECC-9457-86CFCEDAF1F5}.AppStore|x64.Deploy.0 = Release|Any CPU
		{213AEE87-9C7B-4ECC-9457-86CFCEDAF1F5}.AppStore|x86.ActiveCfg = Release|Any CPU
		{213AEE87-9C7B-4ECC-9457-86CFCEDAF1F5}.AppStore|x86.Build.0 = Release|Any CPU
		{213AEE87-9C7B-4ECC-9457-86CFCEDAF1F5}.AppStore|x86.Deploy.0 = Release|Any CPU
		{213AEE87-9C7B-4ECC-9457-86CFCEDAF1F5}.Debug|Any CPU.ActiveCfg = Debug|Any CPU
		{213AEE87-9C7B-4ECC-9457-86CFCEDAF1F5}.Debug|Any CPU.Build.0 = Debug|Any CPU
		{213AEE87-9C7B-4ECC-9457-86CFCEDAF1F5}.Debug|Any CPU.Deploy.0 = Debug|Any CPU
		{213AEE87-9C7B-4ECC-9457-86CFCEDAF1F5}.Debug|ARM.ActiveCfg = Debug|Any CPU
		{213AEE87-9C7B-4ECC-9457-86CFCEDAF1F5}.Debug|ARM.Build.0 = Debug|Any CPU
		{213AEE87-9C7B-4ECC-9457-86CFCEDAF1F5}.Debug|ARM.Deploy.0 = Debug|Any CPU
		{213AEE87-9C7B-4ECC-9457-86CFCEDAF1F5}.Debug|iPhone.ActiveCfg = Debug|Any CPU
		{213AEE87-9C7B-4ECC-9457-86CFCEDAF1F5}.Debug|iPhone.Build.0 = Debug|Any CPU
		{213AEE87-9C7B-4ECC-9457-86CFCEDAF1F5}.Debug|iPhone.Deploy.0 = Debug|Any CPU
		{213AEE87-9C7B-4ECC-9457-86CFCEDAF1F5}.Debug|iPhoneSimulator.ActiveCfg = Debug|Any CPU
		{213AEE87-9C7B-4ECC-9457-86CFCEDAF1F5}.Debug|iPhoneSimulator.Build.0 = Debug|Any CPU
		{213AEE87-9C7B-4ECC-9457-86CFCEDAF1F5}.Debug|iPhoneSimulator.Deploy.0 = Debug|Any CPU
		{213AEE87-9C7B-4ECC-9457-86CFCEDAF1F5}.Debug|x64.ActiveCfg = Debug|Any CPU
		{213AEE87-9C7B-4ECC-9457-86CFCEDAF1F5}.Debug|x64.Build.0 = Debug|Any CPU
		{213AEE87-9C7B-4ECC-9457-86CFCEDAF1F5}.Debug|x64.Deploy.0 = Debug|Any CPU
		{213AEE87-9C7B-4ECC-9457-86CFCEDAF1F5}.Debug|x86.ActiveCfg = Debug|Any CPU
		{213AEE87-9C7B-4ECC-9457-86CFCEDAF1F5}.Debug|x86.Build.0 = Debug|Any CPU
		{213AEE87-9C7B-4ECC-9457-86CFCEDAF1F5}.Debug|x86.Deploy.0 = Debug|Any CPU
		{213AEE87-9C7B-4ECC-9457-86CFCEDAF1F5}.Release|Any CPU.ActiveCfg = Release|Any CPU
		{213AEE87-9C7B-4ECC-9457-86CFCEDAF1F5}.Release|Any CPU.Build.0 = Release|Any CPU
		{213AEE87-9C7B-4ECC-9457-86CFCEDAF1F5}.Release|Any CPU.Deploy.0 = Release|Any CPU
		{213AEE87-9C7B-4ECC-9457-86CFCEDAF1F5}.Release|ARM.ActiveCfg = Release|Any CPU
		{213AEE87-9C7B-4ECC-9457-86CFCEDAF1F5}.Release|ARM.Build.0 = Release|Any CPU
		{213AEE87-9C7B-4ECC-9457-86CFCEDAF1F5}.Release|ARM.Deploy.0 = Release|Any CPU
		{213AEE87-9C7B-4ECC-9457-86CFCEDAF1F5}.Release|iPhone.ActiveCfg = Release|Any CPU
		{213AEE87-9C7B-4ECC-9457-86CFCEDAF1F5}.Release|iPhone.Build.0 = Release|Any CPU
		{213AEE87-9C7B-4ECC-9457-86CFCEDAF1F5}.Release|iPhone.Deploy.0 = Release|Any CPU
		{213AEE87-9C7B-4ECC-9457-86CFCEDAF1F5}.Release|iPhoneSimulator.ActiveCfg = Release|Any CPU
		{213AEE87-9C7B-4ECC-9457-86CFCEDAF1F5}.Release|iPhoneSimulator.Build.0 = Release|Any CPU
		{213AEE87-9C7B-4ECC-9457-86CFCEDAF1F5}.Release|iPhoneSimulator.Deploy.0 = Release|Any CPU
		{213AEE87-9C7B-4ECC-9457-86CFCEDAF1F5}.Release|x64.ActiveCfg = Release|Any CPU
		{213AEE87-9C7B-4ECC-9457-86CFCEDAF1F5}.Release|x64.Build.0 = Release|Any CPU
		{213AEE87-9C7B-4ECC-9457-86CFCEDAF1F5}.Release|x64.Deploy.0 = Release|Any CPU
		{213AEE87-9C7B-4ECC-9457-86CFCEDAF1F5}.Release|x86.ActiveCfg = Release|Any CPU
		{213AEE87-9C7B-4ECC-9457-86CFCEDAF1F5}.Release|x86.Build.0 = Release|Any CPU
		{213AEE87-9C7B-4ECC-9457-86CFCEDAF1F5}.Release|x86.Deploy.0 = Release|Any CPU
		{85CA8D80-3FF8-4081-B069-B6A217A68E00}.Ad-Hoc|Any CPU.ActiveCfg = Release|Any CPU
		{85CA8D80-3FF8-4081-B069-B6A217A68E00}.Ad-Hoc|Any CPU.Build.0 = Release|Any CPU
		{85CA8D80-3FF8-4081-B069-B6A217A68E00}.Ad-Hoc|ARM.ActiveCfg = Release|Any CPU
		{85CA8D80-3FF8-4081-B069-B6A217A68E00}.Ad-Hoc|ARM.Build.0 = Release|Any CPU
		{85CA8D80-3FF8-4081-B069-B6A217A68E00}.Ad-Hoc|iPhone.ActiveCfg = Release|Any CPU
		{85CA8D80-3FF8-4081-B069-B6A217A68E00}.Ad-Hoc|iPhone.Build.0 = Release|Any CPU
		{85CA8D80-3FF8-4081-B069-B6A217A68E00}.Ad-Hoc|iPhoneSimulator.ActiveCfg = Release|Any CPU
		{85CA8D80-3FF8-4081-B069-B6A217A68E00}.Ad-Hoc|iPhoneSimulator.Build.0 = Release|Any CPU
		{85CA8D80-3FF8-4081-B069-B6A217A68E00}.Ad-Hoc|x64.ActiveCfg = Release|Any CPU
		{85CA8D80-3FF8-4081-B069-B6A217A68E00}.Ad-Hoc|x64.Build.0 = Release|Any CPU
		{85CA8D80-3FF8-4081-B069-B6A217A68E00}.Ad-Hoc|x86.ActiveCfg = Release|Any CPU
		{85CA8D80-3FF8-4081-B069-B6A217A68E00}.Ad-Hoc|x86.Build.0 = Release|Any CPU
		{85CA8D80-3FF8-4081-B069-B6A217A68E00}.AppStore|Any CPU.ActiveCfg = Release|Any CPU
		{85CA8D80-3FF8-4081-B069-B6A217A68E00}.AppStore|Any CPU.Build.0 = Release|Any CPU
		{85CA8D80-3FF8-4081-B069-B6A217A68E00}.AppStore|ARM.ActiveCfg = Release|Any CPU
		{85CA8D80-3FF8-4081-B069-B6A217A68E00}.AppStore|ARM.Build.0 = Release|Any CPU
		{85CA8D80-3FF8-4081-B069-B6A217A68E00}.AppStore|iPhone.ActiveCfg = Release|Any CPU
		{85CA8D80-3FF8-4081-B069-B6A217A68E00}.AppStore|iPhone.Build.0 = Release|Any CPU
		{85CA8D80-3FF8-4081-B069-B6A217A68E00}.AppStore|iPhoneSimulator.ActiveCfg = Release|Any CPU
		{85CA8D80-3FF8-4081-B069-B6A217A68E00}.AppStore|iPhoneSimulator.Build.0 = Release|Any CPU
		{85CA8D80-3FF8-4081-B069-B6A217A68E00}.AppStore|x64.ActiveCfg = Release|Any CPU
		{85CA8D80-3FF8-4081-B069-B6A217A68E00}.AppStore|x64.Build.0 = Release|Any CPU
		{85CA8D80-3FF8-4081-B069-B6A217A68E00}.AppStore|x86.ActiveCfg = Release|Any CPU
		{85CA8D80-3FF8-4081-B069-B6A217A68E00}.AppStore|x86.Build.0 = Release|Any CPU
		{85CA8D80-3FF8-4081-B069-B6A217A68E00}.Debug|Any CPU.ActiveCfg = Debug|Any CPU
		{85CA8D80-3FF8-4081-B069-B6A217A68E00}.Debug|Any CPU.Build.0 = Debug|Any CPU
		{85CA8D80-3FF8-4081-B069-B6A217A68E00}.Debug|ARM.ActiveCfg = Debug|Any CPU
		{85CA8D80-3FF8-4081-B069-B6A217A68E00}.Debug|ARM.Build.0 = Debug|Any CPU
		{85CA8D80-3FF8-4081-B069-B6A217A68E00}.Debug|iPhone.ActiveCfg = Debug|Any CPU
		{85CA8D80-3FF8-4081-B069-B6A217A68E00}.Debug|iPhone.Build.0 = Debug|Any CPU
		{85CA8D80-3FF8-4081-B069-B6A217A68E00}.Debug|iPhoneSimulator.ActiveCfg = Debug|Any CPU
		{85CA8D80-3FF8-4081-B069-B6A217A68E00}.Debug|iPhoneSimulator.Build.0 = Debug|Any CPU
		{85CA8D80-3FF8-4081-B069-B6A217A68E00}.Debug|x64.ActiveCfg = Debug|Any CPU
		{85CA8D80-3FF8-4081-B069-B6A217A68E00}.Debug|x64.Build.0 = Debug|Any CPU
		{85CA8D80-3FF8-4081-B069-B6A217A68E00}.Debug|x86.ActiveCfg = Debug|Any CPU
		{85CA8D80-3FF8-4081-B069-B6A217A68E00}.Debug|x86.Build.0 = Debug|Any CPU
		{85CA8D80-3FF8-4081-B069-B6A217A68E00}.Release|Any CPU.ActiveCfg = Release|Any CPU
		{85CA8D80-3FF8-4081-B069-B6A217A68E00}.Release|Any CPU.Build.0 = Release|Any CPU
		{85CA8D80-3FF8-4081-B069-B6A217A68E00}.Release|ARM.ActiveCfg = Release|Any CPU
		{85CA8D80-3FF8-4081-B069-B6A217A68E00}.Release|ARM.Build.0 = Release|Any CPU
		{85CA8D80-3FF8-4081-B069-B6A217A68E00}.Release|iPhone.ActiveCfg = Release|Any CPU
		{85CA8D80-3FF8-4081-B069-B6A217A68E00}.Release|iPhone.Build.0 = Release|Any CPU
		{85CA8D80-3FF8-4081-B069-B6A217A68E00}.Release|iPhoneSimulator.ActiveCfg = Release|Any CPU
		{85CA8D80-3FF8-4081-B069-B6A217A68E00}.Release|iPhoneSimulator.Build.0 = Release|Any CPU
		{85CA8D80-3FF8-4081-B069-B6A217A68E00}.Release|x64.ActiveCfg = Release|Any CPU
		{85CA8D80-3FF8-4081-B069-B6A217A68E00}.Release|x64.Build.0 = Release|Any CPU
		{85CA8D80-3FF8-4081-B069-B6A217A68E00}.Release|x86.ActiveCfg = Release|Any CPU
		{85CA8D80-3FF8-4081-B069-B6A217A68E00}.Release|x86.Build.0 = Release|Any CPU
		{344A0495-BBDE-4651-A7DD-A8E1648EE942}.Ad-Hoc|Any CPU.ActiveCfg = Release|x86
		{344A0495-BBDE-4651-A7DD-A8E1648EE942}.Ad-Hoc|Any CPU.Build.0 = Release|x86
		{344A0495-BBDE-4651-A7DD-A8E1648EE942}.Ad-Hoc|Any CPU.Deploy.0 = Release|x86
		{344A0495-BBDE-4651-A7DD-A8E1648EE942}.Ad-Hoc|ARM.ActiveCfg = Release|ARM
		{344A0495-BBDE-4651-A7DD-A8E1648EE942}.Ad-Hoc|ARM.Build.0 = Release|ARM
		{344A0495-BBDE-4651-A7DD-A8E1648EE942}.Ad-Hoc|ARM.Deploy.0 = Release|ARM
		{344A0495-BBDE-4651-A7DD-A8E1648EE942}.Ad-Hoc|iPhone.ActiveCfg = Release|x86
		{344A0495-BBDE-4651-A7DD-A8E1648EE942}.Ad-Hoc|iPhone.Build.0 = Release|x86
		{344A0495-BBDE-4651-A7DD-A8E1648EE942}.Ad-Hoc|iPhone.Deploy.0 = Release|x86
		{344A0495-BBDE-4651-A7DD-A8E1648EE942}.Ad-Hoc|iPhoneSimulator.ActiveCfg = Release|x86
		{344A0495-BBDE-4651-A7DD-A8E1648EE942}.Ad-Hoc|iPhoneSimulator.Build.0 = Release|x86
		{344A0495-BBDE-4651-A7DD-A8E1648EE942}.Ad-Hoc|iPhoneSimulator.Deploy.0 = Release|x86
		{344A0495-BBDE-4651-A7DD-A8E1648EE942}.Ad-Hoc|x64.ActiveCfg = Release|x64
		{344A0495-BBDE-4651-A7DD-A8E1648EE942}.Ad-Hoc|x64.Build.0 = Release|x64
		{344A0495-BBDE-4651-A7DD-A8E1648EE942}.Ad-Hoc|x64.Deploy.0 = Release|x64
		{344A0495-BBDE-4651-A7DD-A8E1648EE942}.Ad-Hoc|x86.ActiveCfg = Release|x86
		{344A0495-BBDE-4651-A7DD-A8E1648EE942}.Ad-Hoc|x86.Build.0 = Release|x86
		{344A0495-BBDE-4651-A7DD-A8E1648EE942}.Ad-Hoc|x86.Deploy.0 = Release|x86
		{344A0495-BBDE-4651-A7DD-A8E1648EE942}.AppStore|Any CPU.ActiveCfg = Release|x86
		{344A0495-BBDE-4651-A7DD-A8E1648EE942}.AppStore|Any CPU.Build.0 = Release|x86
		{344A0495-BBDE-4651-A7DD-A8E1648EE942}.AppStore|Any CPU.Deploy.0 = Release|x86
		{344A0495-BBDE-4651-A7DD-A8E1648EE942}.AppStore|ARM.ActiveCfg = Release|ARM
		{344A0495-BBDE-4651-A7DD-A8E1648EE942}.AppStore|ARM.Build.0 = Release|ARM
		{344A0495-BBDE-4651-A7DD-A8E1648EE942}.AppStore|ARM.Deploy.0 = Release|ARM
		{344A0495-BBDE-4651-A7DD-A8E1648EE942}.AppStore|iPhone.ActiveCfg = Release|x86
		{344A0495-BBDE-4651-A7DD-A8E1648EE942}.AppStore|iPhone.Build.0 = Release|x86
		{344A0495-BBDE-4651-A7DD-A8E1648EE942}.AppStore|iPhone.Deploy.0 = Release|x86
		{344A0495-BBDE-4651-A7DD-A8E1648EE942}.AppStore|iPhoneSimulator.ActiveCfg = Release|x86
		{344A0495-BBDE-4651-A7DD-A8E1648EE942}.AppStore|iPhoneSimulator.Build.0 = Release|x86
		{344A0495-BBDE-4651-A7DD-A8E1648EE942}.AppStore|iPhoneSimulator.Deploy.0 = Release|x86
		{344A0495-BBDE-4651-A7DD-A8E1648EE942}.AppStore|x64.ActiveCfg = Release|x64
		{344A0495-BBDE-4651-A7DD-A8E1648EE942}.AppStore|x64.Build.0 = Release|x64
		{344A0495-BBDE-4651-A7DD-A8E1648EE942}.AppStore|x64.Deploy.0 = Release|x64
		{344A0495-BBDE-4651-A7DD-A8E1648EE942}.AppStore|x86.ActiveCfg = Release|x86
		{344A0495-BBDE-4651-A7DD-A8E1648EE942}.AppStore|x86.Build.0 = Release|x86
		{344A0495-BBDE-4651-A7DD-A8E1648EE942}.AppStore|x86.Deploy.0 = Release|x86
		{344A0495-BBDE-4651-A7DD-A8E1648EE942}.Debug|Any CPU.ActiveCfg = Debug|x86
		{344A0495-BBDE-4651-A7DD-A8E1648EE942}.Debug|ARM.ActiveCfg = Debug|ARM
		{344A0495-BBDE-4651-A7DD-A8E1648EE942}.Debug|ARM.Build.0 = Debug|ARM
		{344A0495-BBDE-4651-A7DD-A8E1648EE942}.Debug|ARM.Deploy.0 = Debug|ARM
		{344A0495-BBDE-4651-A7DD-A8E1648EE942}.Debug|iPhone.ActiveCfg = Debug|x86
		{344A0495-BBDE-4651-A7DD-A8E1648EE942}.Debug|iPhoneSimulator.ActiveCfg = Debug|x86
		{344A0495-BBDE-4651-A7DD-A8E1648EE942}.Debug|x64.ActiveCfg = Debug|x64
		{344A0495-BBDE-4651-A7DD-A8E1648EE942}.Debug|x64.Build.0 = Debug|x64
		{344A0495-BBDE-4651-A7DD-A8E1648EE942}.Debug|x64.Deploy.0 = Debug|x64
		{344A0495-BBDE-4651-A7DD-A8E1648EE942}.Debug|x86.ActiveCfg = Debug|x86
		{344A0495-BBDE-4651-A7DD-A8E1648EE942}.Debug|x86.Build.0 = Debug|x86
		{344A0495-BBDE-4651-A7DD-A8E1648EE942}.Debug|x86.Deploy.0 = Debug|x86
		{344A0495-BBDE-4651-A7DD-A8E1648EE942}.Release|Any CPU.ActiveCfg = Release|x86
		{344A0495-BBDE-4651-A7DD-A8E1648EE942}.Release|ARM.ActiveCfg = Release|ARM
		{344A0495-BBDE-4651-A7DD-A8E1648EE942}.Release|ARM.Build.0 = Release|ARM
		{344A0495-BBDE-4651-A7DD-A8E1648EE942}.Release|ARM.Deploy.0 = Release|ARM
		{344A0495-BBDE-4651-A7DD-A8E1648EE942}.Release|iPhone.ActiveCfg = Release|x86
		{344A0495-BBDE-4651-A7DD-A8E1648EE942}.Release|iPhoneSimulator.ActiveCfg = Release|x86
		{344A0495-BBDE-4651-A7DD-A8E1648EE942}.Release|x64.ActiveCfg = Release|x64
		{344A0495-BBDE-4651-A7DD-A8E1648EE942}.Release|x64.Build.0 = Release|x64
		{344A0495-BBDE-4651-A7DD-A8E1648EE942}.Release|x64.Deploy.0 = Release|x64
		{344A0495-BBDE-4651-A7DD-A8E1648EE942}.Release|x86.ActiveCfg = Release|x86
		{344A0495-BBDE-4651-A7DD-A8E1648EE942}.Release|x86.Build.0 = Release|x86
		{344A0495-BBDE-4651-A7DD-A8E1648EE942}.Release|x86.Deploy.0 = Release|x86
		{C324913A-03D8-4ED9-B214-C22FFA4E5DF1}.Ad-Hoc|Any CPU.ActiveCfg = Ad-Hoc|iPhone
		{C324913A-03D8-4ED9-B214-C22FFA4E5DF1}.Ad-Hoc|ARM.ActiveCfg = Ad-Hoc|iPhone
		{C324913A-03D8-4ED9-B214-C22FFA4E5DF1}.Ad-Hoc|iPhone.ActiveCfg = Ad-Hoc|iPhone
		{C324913A-03D8-4ED9-B214-C22FFA4E5DF1}.Ad-Hoc|iPhone.Build.0 = Ad-Hoc|iPhone
		{C324913A-03D8-4ED9-B214-C22FFA4E5DF1}.Ad-Hoc|iPhoneSimulator.ActiveCfg = Ad-Hoc|iPhoneSimulator
		{C324913A-03D8-4ED9-B214-C22FFA4E5DF1}.Ad-Hoc|iPhoneSimulator.Build.0 = Ad-Hoc|iPhoneSimulator
		{C324913A-03D8-4ED9-B214-C22FFA4E5DF1}.Ad-Hoc|x64.ActiveCfg = Ad-Hoc|iPhone
		{C324913A-03D8-4ED9-B214-C22FFA4E5DF1}.Ad-Hoc|x86.ActiveCfg = Ad-Hoc|iPhone
		{C324913A-03D8-4ED9-B214-C22FFA4E5DF1}.AppStore|Any CPU.ActiveCfg = AppStore|iPhone
		{C324913A-03D8-4ED9-B214-C22FFA4E5DF1}.AppStore|ARM.ActiveCfg = AppStore|iPhone
		{C324913A-03D8-4ED9-B214-C22FFA4E5DF1}.AppStore|iPhone.ActiveCfg = AppStore|iPhone
		{C324913A-03D8-4ED9-B214-C22FFA4E5DF1}.AppStore|iPhone.Build.0 = AppStore|iPhone
		{C324913A-03D8-4ED9-B214-C22FFA4E5DF1}.AppStore|iPhoneSimulator.ActiveCfg = AppStore|iPhoneSimulator
		{C324913A-03D8-4ED9-B214-C22FFA4E5DF1}.AppStore|iPhoneSimulator.Build.0 = AppStore|iPhoneSimulator
		{C324913A-03D8-4ED9-B214-C22FFA4E5DF1}.AppStore|x64.ActiveCfg = AppStore|iPhone
		{C324913A-03D8-4ED9-B214-C22FFA4E5DF1}.AppStore|x86.ActiveCfg = AppStore|iPhone
		{C324913A-03D8-4ED9-B214-C22FFA4E5DF1}.Debug|Any CPU.ActiveCfg = Debug|iPhone
		{C324913A-03D8-4ED9-B214-C22FFA4E5DF1}.Debug|ARM.ActiveCfg = Debug|iPhone
		{C324913A-03D8-4ED9-B214-C22FFA4E5DF1}.Debug|iPhone.ActiveCfg = Debug|iPhone
		{C324913A-03D8-4ED9-B214-C22FFA4E5DF1}.Debug|iPhone.Build.0 = Debug|iPhone
		{C324913A-03D8-4ED9-B214-C22FFA4E5DF1}.Debug|iPhoneSimulator.ActiveCfg = Debug|iPhoneSimulator
		{C324913A-03D8-4ED9-B214-C22FFA4E5DF1}.Debug|iPhoneSimulator.Build.0 = Debug|iPhoneSimulator
		{C324913A-03D8-4ED9-B214-C22FFA4E5DF1}.Debug|x64.ActiveCfg = Debug|iPhone
		{C324913A-03D8-4ED9-B214-C22FFA4E5DF1}.Debug|x86.ActiveCfg = Debug|iPhone
		{C324913A-03D8-4ED9-B214-C22FFA4E5DF1}.Release|Any CPU.ActiveCfg = Release|iPhone
		{C324913A-03D8-4ED9-B214-C22FFA4E5DF1}.Release|ARM.ActiveCfg = Release|iPhone
		{C324913A-03D8-4ED9-B214-C22FFA4E5DF1}.Release|iPhone.ActiveCfg = Release|iPhone
		{C324913A-03D8-4ED9-B214-C22FFA4E5DF1}.Release|iPhone.Build.0 = Release|iPhone
		{C324913A-03D8-4ED9-B214-C22FFA4E5DF1}.Release|iPhoneSimulator.ActiveCfg = Release|iPhoneSimulator
		{C324913A-03D8-4ED9-B214-C22FFA4E5DF1}.Release|iPhoneSimulator.Build.0 = Release|iPhoneSimulator
		{C324913A-03D8-4ED9-B214-C22FFA4E5DF1}.Release|x64.ActiveCfg = Release|iPhone
		{C324913A-03D8-4ED9-B214-C22FFA4E5DF1}.Release|x86.ActiveCfg = Release|iPhone
	EndGlobalSection
	GlobalSection(SolutionProperties) = preSolution
		HideSolutionNode = FALSE
	EndGlobalSection
EndGlobal
